
Microsoft Visual Studio Solution File, Format Version 12.00
# Visual Studio Version 16
VisualStudioVersion = 16.0.32407.337
MinimumVisualStudioVersion = 10.0.40219.1
Project("{FAE04EC0-301F-11D3-BF4B-00C04F79EFBC}") = "MimerUnity", "MimerUnity\MimerUnity.csproj", "{ABC870E9-F1F3-49B0-9B65-BBEECE461F99}"
EndProject
Project("{FAE04EC0-301F-11D3-BF4B-00C04F79EFBC}") = "MimerUnityTest", "MimerUnityTest\MimerUnityTest.csproj", "{7E849E49-CF00-4F14-A70A-32DBF3270EC2}"
EndProject
Global
	GlobalSection(SolutionConfigurationPlatforms) = preSolution
		Debug|Any CPU = Debug|Any CPU
		Release|Any CPU = Release|Any CPU
	EndGlobalSection
	GlobalSection(ProjectConfigurationPlatforms) = postSolution
		{ABC870E9-F1F3-49B0-9B65-BBEECE461F99}.Debug|Any CPU.ActiveCfg = Debug|Any CPU
		{ABC870E9-F1F3-49B0-9B65-BBEECE461F99}.Debug|Any CPU.Build.0 = Debug|Any CPU
		{ABC870E9-F1F3-49B0-9B65-BBEECE461F99}.Release|Any CPU.ActiveCfg = Release|Any CPU
		{ABC870E9-F1F3-49B0-9B65-BBEECE461F99}.Release|Any CPU.Build.0 = Release|Any CPU
		{7E849E49-CF00-4F14-A70A-32DBF3270EC2}.Debug|Any CPU.ActiveCfg = Debug|Any CPU
		{7E849E49-CF00-4F14-A70A-32DBF3270EC2}.Debug|Any CPU.Build.0 = Debug|Any CPU
		{7E849E49-CF00-4F14-A70A-32DBF3270EC2}.Release|Any CPU.ActiveCfg = Release|Any CPU
		{7E849E49-CF00-4F14-A70A-32DBF3270EC2}.Release|Any CPU.Build.0 = Release|Any CPU
	EndGlobalSection
	GlobalSection(SolutionProperties) = preSolution
		HideSolutionNode = FALSE
	EndGlobalSection
	GlobalSection(ExtensibilityGlobals) = postSolution
		SolutionGuid = {F7D2EE28-5F07-433E-A135-E7AA2CF9261D}
	EndGlobalSection
EndGlobal
